
Microsoft Visual Studio Solution File, Format Version 12.00
# Visual Studio 15
VisualStudioVersion = 15.0.28307.106
MinimumVisualStudioVersion = 10.0.40219.1
Project("{FAE04EC0-301F-11D3-BF4B-00C04F79EFBC}") = "AspNetCoreWebAPI", "AspNetCoreWebAPI\AspNetCoreWebAPI.csproj", "{F4CF7439-8C34-4C44-830C-A9281C2300F8}"
EndProject
Global
	GlobalSection(SolutionConfigurationPlatforms) = preSolution
		Debug|Any CPU = Debug|Any CPU
		Release|Any CPU = Release|Any CPU
	EndGlobalSection
	GlobalSection(ProjectConfigurationPlatforms) = postSolution
		{F4CF7439-8C34-4C44-830C-A9281C2300F8}.Debug|Any CPU.ActiveCfg = Debug|Any CPU
		{F4CF7439-8C34-4C44-830C-A9281C2300F8}.Debug|Any CPU.Build.0 = Debug|Any CPU
		{F4CF7439-8C34-4C44-830C-A9281C2300F8}.Release|Any CPU.ActiveCfg = Release|Any CPU
		{F4CF7439-8C34-4C44-830C-A9281C2300F8}.Release|Any CPU.Build.0 = Release|Any CPU
	EndGlobalSection
	GlobalSection(SolutionProperties) = preSolution
		HideSolutionNode = FALSE
	EndGlobalSection
	GlobalSection(ExtensibilityGlobals) = postSolution
		SolutionGuid = {AE4927D4-002F-4AAC-A595-60D6169369D1}
	EndGlobalSection
EndGlobal
